
Microsoft Visual Studio Solution File, Format Version 12.00
# Visual Studio 15
VisualStudioVersion = 15.0.28307.168
MinimumVisualStudioVersion = 10.0.40219.1
Project("{FAE04EC0-301F-11D3-BF4B-00C04F79EFBC}") = "MovieAPI", "MovieAPI\MovieAPI.csproj", "{2B73AD83-24B8-42C6-91B3-0F1E513068A9}"
EndProject
Global
	GlobalSection(SolutionConfigurationPlatforms) = preSolution
		Debug|Any CPU = Debug|Any CPU
		Release|Any CPU = Release|Any CPU
	EndGlobalSection
	GlobalSection(ProjectConfigurationPlatforms) = postSolution
		{2B73AD83-24B8-42C6-91B3-0F1E513068A9}.Debug|Any CPU.ActiveCfg = Debug|Any CPU
		{2B73AD83-24B8-42C6-91B3-0F1E513068A9}.Debug|Any CPU.Build.0 = Debug|Any CPU
		{2B73AD83-24B8-42C6-91B3-0F1E513068A9}.Release|Any CPU.ActiveCfg = Release|Any CPU
		{2B73AD83-24B8-42C6-91B3-0F1E513068A9}.Release|Any CPU.Build.0 = Release|Any CPU
	EndGlobalSection
	GlobalSection(SolutionProperties) = preSolution
		HideSolutionNode = FALSE
	EndGlobalSection
	GlobalSection(ExtensibilityGlobals) = postSolution
		SolutionGuid = {0F3C65B1-679C-4210-8CA0-0A7D4C2F78A0}
	EndGlobalSection
EndGlobal
